GEM
  remote: https://rubygems.org/
  specs:
    colorize (1.1.0)
    fiddle (1.1.8)
    ocran (1.4.5-x64-mingw-ucrt)
      fiddle (~> 1.0)

PLATFORMS
  x64-mingw-ucrt

DEPENDENCIES
  colorize (~> 1.1.0)
  fiddle (~> 1.1.8)
  ocran (~> 1.4.3)

CHECKSUMS
  bundler (4.0.18) sha256=02d9a17429de1847b4e0c9f27a9ee4b20c0a74c0a641b4e77195d6019e3618ac
  colorize (1.1.0) sha256=30b5237f0603f6662ab8d1fc2bd4a96142b806c6415d79e45ef5fdc6a0cfc837
  fiddle (1.1.8) sha256=7fa8ee3627271497f3add5503acdbc3f40b32f610fc1cf49634f083ef3f32eee
  ocran (1.4.5-x64-mingw-ucrt) sha256=18828e2b843e2a67c1117eb8824845e2f6f4db3ef82bf5f50ff49620daac42d5

BUNDLED WITH
  4.0.18
