GEM
  remote: https://rubygems.org/
  specs:
    csv (3.3.5)
    logger (1.7.0)
    minitest (6.0.1)
      prism (~> 1.5)
    minitest-emoji (2.0.0)
    prism (1.9.0)

PLATFORMS
  x64-mingw-ucrt

DEPENDENCIES
  csv (~> 3.3)
  logger (~> 1.7)
  minitest (~> 6.0)
  minitest-emoji (~> 2.0)

BUNDLED WITH
   2.6.9
